
Microsoft Visual Studio Solution File, Format Version 12.00
# Visual Studio Version 17
VisualStudioVersion = 17.1.32421.90
MinimumVisualStudioVersion = 10.0.40219.1
Project("{FAE04EC0-301F-11D3-BF4B-00C04F79EFBC}") = "OnlineCinemaTicketBookingSystemModules", "OnlineCinemaTicketBookingSystemModules.csproj", "{9F8CE59D-58F2-4AAE-B522-C410602D4271}"
EndProject
Global
	GlobalSection(SolutionConfigurationPlatforms) = preSolution
		Debug|Any CPU = Debug|Any CPU
		Release|Any CPU = Release|Any CPU
	EndGlobalSection
	GlobalSection(ProjectConfigurationPlatforms) = postSolution
		{9F8CE59D-58F2-4AAE-B522-C410602D4271}.Debug|Any CPU.ActiveCfg = Debug|Any CPU
		{9F8CE59D-58F2-4AAE-B522-C410602D4271}.Debug|Any CPU.Build.0 = Debug|Any CPU
		{9F8CE59D-58F2-4AAE-B522-C410602D4271}.Release|Any CPU.ActiveCfg = Release|Any CPU
		{9F8CE59D-58F2-4AAE-B522-C410602D4271}.Release|Any CPU.Build.0 = Release|Any CPU
	EndGlobalSection
	GlobalSection(SolutionProperties) = preSolution
		HideSolutionNode = FALSE
	EndGlobalSection
	GlobalSection(ExtensibilityGlobals) = postSolution
		SolutionGuid = {449FDDBB-8B0A-4F7C-8216-1EEA3BF6056A}
	EndGlobalSection
EndGlobal
